github.com/pypyr/pypyr-docs v0.0.0-20200801183736-aad7765589f1 h1:4sbsELIPcS5C+RYRGwSBwW8HvMYVNaKSlcyhhNK7Bdc=
github.com/pypyr/pypyr-docs v0.0.0-20200801183736-aad7765589f1/go.mod h1:iFK99AuepGkXRZm/hQe0dQgGZbSHMIV+vLipUjoSh/0=
github.com/pypyr/pypyr-docs v0.0.0-20200801200332-927b884d509c h1:in1hvgycKYBdQgRvnNJJtEh+blfmRCJU+AoaxsD3BqI=
github.com/pypyr/pypyr-docs v0.0.0-20200801200332-927b884d509c/go.mod h1:Pm9ogDwdGC/bo+D1v1sBMUbSprQHEs7CcEZ33QMILkM=
github.com/pypyr/pypyr-docs v0.0.0-20200811193346-e050b872a209 h1:ksV7flZ6QsG5WCP1JiUvNAHs1KTbr0hNo9kb3dBiAGY=
github.com/pypyr/pypyr-docs v0.0.0-20200811193346-e050b872a209/go.mod h1:Pm9ogDwdGC/bo+D1v1sBMUbSprQHEs7CcEZ33QMILkM=
github.com/pypyr/pypyr-docs v0.0.0-20200812125646-8dc3a4bd0ef4 h1:P8MDoT4BafZNXNw+aqMACVjF4d3dW0t+umJwMCPgfCQ=
github.com/pypyr/pypyr-docs v0.0.0-20200812125646-8dc3a4bd0ef4/go.mod h1:Pm9ogDwdGC/bo+D1v1sBMUbSprQHEs7CcEZ33QMILkM=
github.com/pypyr/pypyr-docs v0.0.0-20200812130823-b49ff5356841 h1:1N6k8VUfS4aB4LvJNJ+Y93gv191P2yUmIOrmStctCzE=
github.com/pypyr/pypyr-docs v0.0.0-20200812130823-b49ff5356841/go.mod h1:Pm9ogDwdGC/bo+D1v1sBMUbSprQHEs7CcEZ33QMILkM=
github.com/pypyr/pypyr-docs v0.0.0-20200813121459-22161391c1a1 h1:apyCUF/lVISM21wTIRyyi2loK5aB6WyldmPKfmfRnVg=
github.com/pypyr/pypyr-docs v0.0.0-20200813121459-22161391c1a1/go.mod h1:Pm9ogDwdGC/bo+D1v1sBMUbSprQHEs7CcEZ33QMILkM=
github.com/pypyr/pypyr-docs v0.0.0-20200818100312-28925a4613b9 h1:v+D+8Ud33hYX3RPocTKZIr31mxR8K0tIG4kpSpjm0zY=
github.com/pypyr/pypyr-docs v0.0.0-20200818100312-28925a4613b9/go.mod h1:Pm9ogDwdGC/bo+D1v1sBMUbSprQHEs7CcEZ33QMILkM=
github.com/pypyr/pypyr-docs v0.0.0-20200820111107-ddd2f4f605fa h1:QqBnCF4d/3N2wafInVNbpukF5XsIcy7jHwJAdpdtWUc=
github.com/pypyr/pypyr-docs v0.0.0-20200820111107-ddd2f4f605fa/go.mod h1:Pm9ogDwdGC/bo+D1v1sBMUbSprQHEs7CcEZ33QMILkM=
github.com/pypyr/pypyr-docs v0.0.0-20200902194915-c15c10975c58 h1:C2ZsS2O7SpctPqFw4hjUIQB2S3LZTlPTTrj3yZGiQMI=
github.com/pypyr/pypyr-docs v0.0.0-20200902194915-c15c10975c58/go.mod h1:Pm9ogDwdGC/bo+D1v1sBMUbSprQHEs7CcEZ33QMILkM=
github.com/pypyr/pypyr-docs v0.0.0-20200909134121-b53d6320538a h1:Z/eoeIV9DoGj2T0LvwsiOUALe7d70Y4dZzA+Wc9a6Ko=
github.com/pypyr/pypyr-docs v0.0.0-20200909134121-b53d6320538a/go.mod h1:Pm9ogDwdGC/bo+D1v1sBMUbSprQHEs7CcEZ33QMILkM=
github.com/pypyr/pypyr-docs v0.0.0-20201226190956-bf80a7601336 h1:QffM8WFG5QOzAxuKX0QZUTS/jKH84I43gssJ3JDMKDc=
github.com/pypyr/pypyr-docs v0.0.0-20201226190956-bf80a7601336/go.mod h1:Pm9ogDwdGC/bo+D1v1sBMUbSprQHEs7CcEZ33QMILkM=
github.com/pypyr/pypyr-docs v0.0.0-20201227133334-16999e653a05 h1:X3+ZOir0XhBBkRAC++Wl0IzAKMg9scff6/mf7+UmNCs=
github.com/pypyr/pypyr-docs v0.0.0-20201227133334-16999e653a05/go.mod h1:Pm9ogDwdGC/bo+D1v1sBMUbSprQHEs7CcEZ33QMILkM=
github.com/pypyr/pypyr-docs v0.0.0-20210911155940-37a9f7c07633 h1:OGRvQHBZtnAo43Q+rqYi02lsLARCK1BmzilLai0RZcc=
github.com/pypyr/pypyr-docs v0.0.0-20210911155940-37a9f7c07633/go.mod h1:Pm9ogDwdGC/bo+D1v1sBMUbSprQHEs7CcEZ33QMILkM=
github.com/pypyr/pypyr-docs v0.0.0-20210911160612-4fcb1101a39a h1:2jIkvgmP8H0Pnvdrs8D3ODkNdOTd8Un9P3LR2yU3ZgA=
github.com/pypyr/pypyr-docs v0.0.0-20210911160612-4fcb1101a39a/go.mod h1:Pm9ogDwdGC/bo+D1v1sBMUbSprQHEs7CcEZ33QMILkM=
github.com/pypyr/pypyr-docs v0.0.0-20211109142755-58e205d38344 h1:7jeTZVkv54ANcJQ8SwQI7j8ofuVcRTFso5ySOi/cR9Q=
github.com/pypyr/pypyr-docs v0.0.0-20211109142755-58e205d38344/go.mod h1:Pm9ogDwdGC/bo+D1v1sBMUbSprQHEs7CcEZ33QMILkM=
github.com/pypyr/pypyr-docs v0.0.0-20220223193832-b9117399e766 h1:vfsbDK05uvwNW+x2PPMnVZNNwbQIwcBDcXUxE2rfkDY=
github.com/pypyr/pypyr-docs v0.0.0-20220223193832-b9117399e766/go.mod h1:Pm9ogDwdGC/bo+D1v1sBMUbSprQHEs7CcEZ33QMILkM=
github.com/pypyr/pypyr-docs v0.0.0-20220427144434-4b0154803edc h1:3V3NFx2G8oJC4jw5BZOS/NeHWcQO0KU2CSU3GqgSlKQ=
github.com/pypyr/pypyr-docs v0.0.0-20220427144434-4b0154803edc/go.mod h1:Pm9ogDwdGC/bo+D1v1sBMUbSprQHEs7CcEZ33QMILkM=
github.com/pypyr/pypyr-docs v0.0.0-20220604163859-4e3d7f7177fb h1:LsDr1EzMxgZ1bYU5w6tlDhpaBQ47rgvBx1nCWGZxJ70=
github.com/pypyr/pypyr-docs v0.0.0-20220604163859-4e3d7f7177fb/go.mod h1:Pm9ogDwdGC/bo+D1v1sBMUbSprQHEs7CcEZ33QMILkM=
github.com/pypyr/pypyr-docs v0.0.0-20220605122105-b9343bb14339 h1:mOzcRB1RBxhjHh1q4wsQVVJZE4AiBDg3rPrQoFsGnxk=
github.com/pypyr/pypyr-docs v0.0.0-20220605122105-b9343bb14339/go.mod h1:Pm9ogDwdGC/bo+D1v1sBMUbSprQHEs7CcEZ33QMILkM=
github.com/pypyr/pypyr-docs v0.0.0-20240324185516-aeeecf0651d0 h1:pyRLEqiVJEAlbYH5j+DwnS4ZOZFoqu5x4TBsW23ElGs=
github.com/pypyr/pypyr-docs v0.0.0-20240324185516-aeeecf0651d0/go.mod h1:Pm9ogDwdGC/bo+D1v1sBMUbSprQHEs7CcEZ33QMILkM=
github.com/pypyr/pypyr-docs v0.0.0-20240324193738-3f91ec4b5ae2 h1:owFZITbDTd1fZaui+FlbUlf3LdJ1/3y5HHgLF3qky0E=
github.com/pypyr/pypyr-docs v0.0.0-20240324193738-3f91ec4b5ae2/go.mod h1:Pm9ogDwdGC/bo+D1v1sBMUbSprQHEs7CcEZ33QMILkM=
github.com/pypyr/pypyr-docs v0.0.0-20240526182610-3ce6874c4431 h1:yJuNbfv3cw8nJmsni8KbeosUKW64v0EHwWQzsHzkk7Y=
github.com/pypyr/pypyr-docs v0.0.0-20240526182610-3ce6874c4431/go.mod h1:Pm9ogDwdGC/bo+D1v1sBMUbSprQHEs7CcEZ33QMILkM=
github.com/pypyr/pypyr-docs v0.0.0-20240526183501-3fd60e419d36 h1:EJS0z/bRYCWVUinSSpCSW64VyTLTxHSNVv5uVM2h7/g=
github.com/pypyr/pypyr-docs v0.0.0-20240526183501-3fd60e419d36/go.mod h1:Pm9ogDwdGC/bo+D1v1sBMUbSprQHEs7CcEZ33QMILkM=
github.com/pypyr/pypyr-docs v0.0.0-20240526183951-f4c5909e3c20 h1:vG/AxbqRzyng+203DkcxMyAYxCQJPoqs2Q2l04hVKkM=
github.com/pypyr/pypyr-docs v0.0.0-20240526183951-f4c5909e3c20/go.mod h1:Pm9ogDwdGC/bo+D1v1sBMUbSprQHEs7CcEZ33QMILkM=
github.com/pypyr/pypyr-docs v0.0.0-20240527021520-7aeda8308e5f h1:p3OBXK5ApGB+Z0dfJ9JD6jMd1Z2AZRaVI+dgZAKaE+o=
github.com/pypyr/pypyr-docs v0.0.0-20240527021520-7aeda8308e5f/go.mod h1:Pm9ogDwdGC/bo+D1v1sBMUbSprQHEs7CcEZ33QMILkM=
